
Microsoft Visual Studio Solution File, Format Version 12.00
# Visual Studio Version 17
VisualStudioVersion = 17.10.35027.167
MinimumVisualStudioVersion = 10.0.40219.1
Project("{2150E333-8FDC-42A3-9474-1A3956D46DE8}") = "Domain", "Domain", "{77C73D0D-E122-4C65-B63B-B89C8E28F69E}"
EndProject
Project("{2150E333-8FDC-42A3-9474-1A3956D46DE8}") = "Aplication", "Aplication", "{7DC3E4B1-675C-4122-AA58-4BCBA06C4A82}"
EndProject
Project("{2150E333-8FDC-42A3-9474-1A3956D46DE8}") = "Core", "Core", "{D2B590AD-CC11-4062-A3C3-0718E17D651C}"
EndProject
Project("{2150E333-8FDC-42A3-9474-1A3956D46DE8}") = "Tests", "Tests", "{1ADFD29B-9AE9-4E79-923B-072E807A2AAF}"
EndProject
Project("{9A19103F-16F7-4668-BE54-9A1E7A4F7556}") = "Ambev.DeveloperEvaluation.Application", "src\Ambev.DeveloperEvaluation.Application\Ambev.DeveloperEvaluation.Application.csproj", "{80CED839-FE4A-4286-9403-252D230BA2A0}"
EndProject
Project("{9A19103F-16F7-4668-BE54-9A1E7A4F7556}") = "Ambev.DeveloperEvaluation.Domain", "src\Ambev.DeveloperEvaluation.Domain\Ambev.DeveloperEvaluation.Domain.csproj", "{B19079B3-A9DD-4408-9ED2-899D735C66BF}"
EndProject
Project("{2150E333-8FDC-42A3-9474-1A3956D46DE8}") = "Solution Items", "Solution Items", "{C361795D-30EF-4513-B313-8622BE1AD313}"
	ProjectSection(SolutionItems) = preProject
		.editorconfig = .editorconfig
	EndProjectSection
EndProject
Project("{2150E333-8FDC-42A3-9474-1A3956D46DE8}") = "src", "src", "{61DF00A0-15BD-4762-9CD3-DE070737C31C}"
EndProject
Project("{FAE04EC0-301F-11D3-BF4B-00C04F79EFBC}") = "Ambev.DeveloperEvaluation.Infrastructure", "src\Ambev.DeveloperEvaluation.Infrastructure\Ambev.DeveloperEvaluation.Infrastructure.csproj", "{7E0E4E35-68AD-4CB0-BD11-A6FBD12842D1}"
EndProject
Project("{FAE04EC0-301F-11D3-BF4B-00C04F79EFBC}") = "Ambev.DeveloperEvaluation.Api", "src\Ambev.DeveloperEvaluation.Api\Ambev.DeveloperEvaluation.Api.csproj", "{4173701E-3F58-4192-8612-516C6FE0CBA4}"
EndProject
Project("{FAE04EC0-301F-11D3-BF4B-00C04F79EFBC}") = "Ambev.DeveloperEvaluation.Domain.UnitTests", "tests\Ambev.DeveloperEvaluation.Domain.UnitTests\Ambev.DeveloperEvaluation.Domain.UnitTests.csproj", "{9DA8F294-AFE8-41AF-9CB2-2A2CA2BAE7DC}"
EndProject
Project("{FAE04EC0-301F-11D3-BF4B-00C04F79EFBC}") = "Ambev.DeveloperEvaluation.Application.UnitTests", "tests\Ambev.DeveloperEvaluation.Application.UnitTests\Ambev.DeveloperEvaluation.Application.UnitTests.csproj", "{559147FC-EFA3-44A8-8345-B2988BC34111}"
EndProject
Project("{FAE04EC0-301F-11D3-BF4B-00C04F79EFBC}") = "Ambev.DeveloperEvaluation.Api.IntegrationTests", "tests\Ambev.DeveloperEvaluation.Api.IntegrationTests\Ambev.DeveloperEvaluation.Api.IntegrationTests.csproj", "{98C07803-8C4C-4C11-A6D9-314B9335E4EF}"
EndProject
Project("{FAE04EC0-301F-11D3-BF4B-00C04F79EFBC}") = "Ambev.DeveloperEvaluation.Architecture.Tests", "tests\Ambev.DeveloperEvaluation.Architecture.Tests\Ambev.DeveloperEvaluation.Architecture.Tests.csproj", "{B49496B2-2C6B-43D5-9EE1-38F50ACB67B1}"
EndProject
Global
	GlobalSection(SolutionConfigurationPlatforms) = preSolution
		Debug|Any CPU = Debug|Any CPU
		Debug|x64 = Debug|x64
		Debug|x86 = Debug|x86
		Release|Any CPU = Release|Any CPU
		Release|x64 = Release|x64
		Release|x86 = Release|x86
	EndGlobalSection
	GlobalSection(ProjectConfigurationPlatforms) = postSolution
		{80CED839-FE4A-4286-9403-252D230BA2A0}.Debug|Any CPU.ActiveCfg = Debug|Any CPU
		{80CED839-FE4A-4286-9403-252D230BA2A0}.Debug|Any CPU.Build.0 = Debug|Any CPU
		{80CED839-FE4A-4286-9403-252D230BA2A0}.Debug|x64.ActiveCfg = Debug|Any CPU
		{80CED839-FE4A-4286-9403-252D230BA2A0}.Debug|x64.Build.0 = Debug|Any CPU
		{80CED839-FE4A-4286-9403-252D230BA2A0}.Debug|x86.ActiveCfg = Debug|Any CPU
		{80CED839-FE4A-4286-9403-252D230BA2A0}.Debug|x86.Build.0 = Debug|Any CPU
		{80CED839-FE4A-4286-9403-252D230BA2A0}.Release|Any CPU.ActiveCfg = Release|Any CPU
		{80CED839-FE4A-4286-9403-252D230BA2A0}.Release|Any CPU.Build.0 = Release|Any CPU
		{80CED839-FE4A-4286-9403-252D230BA2A0}.Release|x64.ActiveCfg = Release|Any CPU
		{80CED839-FE4A-4286-9403-252D230BA2A0}.Release|x64.Build.0 = Release|Any CPU
		{80CED839-FE4A-4286-9403-252D230BA2A0}.Release|x86.ActiveCfg = Release|Any CPU
		{80CED839-FE4A-4286-9403-252D230BA2A0}.Release|x86.Build.0 = Release|Any CPU
		{B19079B3-A9DD-4408-9ED2-899D735C66BF}.Debug|Any CPU.ActiveCfg = Debug|Any CPU
		{B19079B3-A9DD-4408-9ED2-899D735C66BF}.Debug|Any CPU.Build.0 = Debug|Any CPU
		{B19079B3-A9DD-4408-9ED2-899D735C66BF}.Debug|x64.ActiveCfg = Debug|Any CPU
		{B19079B3-A9DD-4408-9ED2-899D735C66BF}.Debug|x64.Build.0 = Debug|Any CPU
		{B19079B3-A9DD-4408-9ED2-899D735C66BF}.Debug|x86.ActiveCfg = Debug|Any CPU
		{B19079B3-A9DD-4408-9ED2-899D735C66BF}.Debug|x86.Build.0 = Debug|Any CPU
		{B19079B3-A9DD-4408-9ED2-899D735C66BF}.Release|Any CPU.ActiveCfg = Release|Any CPU
		{B19079B3-A9DD-4408-9ED2-899D735C66BF}.Release|Any CPU.Build.0 = Release|Any CPU
		{B19079B3-A9DD-4408-9ED2-899D735C66BF}.Release|x64.ActiveCfg = Release|Any CPU
		{B19079B3-A9DD-4408-9ED2-899D735C66BF}.Release|x64.Build.0 = Release|Any CPU
		{B19079B3-A9DD-4408-9ED2-899D735C66BF}.Release|x86.ActiveCfg = Release|Any CPU
		{B19079B3-A9DD-4408-9ED2-899D735C66BF}.Release|x86.Build.0 = Release|Any CPU
		{7E0E4E35-68AD-4CB0-BD11-A6FBD12842D1}.Debug|Any CPU.ActiveCfg = Debug|Any CPU
		{7E0E4E35-68AD-4CB0-BD11-A6FBD12842D1}.Debug|Any CPU.Build.0 = Debug|Any CPU
		{7E0E4E35-68AD-4CB0-BD11-A6FBD12842D1}.Debug|x64.ActiveCfg = Debug|Any CPU
		{7E0E4E35-68AD-4CB0-BD11-A6FBD12842D1}.Debug|x64.Build.0 = Debug|Any CPU
		{7E0E4E35-68AD-4CB0-BD11-A6FBD12842D1}.Debug|x86.ActiveCfg = Debug|Any CPU
		{7E0E4E35-68AD-4CB0-BD11-A6FBD12842D1}.Debug|x86.Build.0 = Debug|Any CPU
		{7E0E4E35-68AD-4CB0-BD11-A6FBD12842D1}.Release|Any CPU.ActiveCfg = Release|Any CPU
		{7E0E4E35-68AD-4CB0-BD11-A6FBD12842D1}.Release|Any CPU.Build.0 = Release|Any CPU
		{7E0E4E35-68AD-4CB0-BD11-A6FBD12842D1}.Release|x64.ActiveCfg = Release|Any CPU
		{7E0E4E35-68AD-4CB0-BD11-A6FBD12842D1}.Release|x64.Build.0 = Release|Any CPU
		{7E0E4E35-68AD-4CB0-BD11-A6FBD12842D1}.Release|x86.ActiveCfg = Release|Any CPU
		{7E0E4E35-68AD-4CB0-BD11-A6FBD12842D1}.Release|x86.Build.0 = Release|Any CPU
		{4173701E-3F58-4192-8612-516C6FE0CBA4}.Debug|Any CPU.ActiveCfg = Debug|Any CPU
		{4173701E-3F58-4192-8612-516C6FE0CBA4}.Debug|Any CPU.Build.0 = Debug|Any CPU
		{4173701E-3F58-4192-8612-516C6FE0CBA4}.Debug|x64.ActiveCfg = Debug|Any CPU
		{4173701E-3F58-4192-8612-516C6FE0CBA4}.Debug|x64.Build.0 = Debug|Any CPU
		{4173701E-3F58-4192-8612-516C6FE0CBA4}.Debug|x86.ActiveCfg = Debug|Any CPU
		{4173701E-3F58-4192-8612-516C6FE0CBA4}.Debug|x86.Build.0 = Debug|Any CPU
		{4173701E-3F58-4192-8612-516C6FE0CBA4}.Release|Any CPU.ActiveCfg = Release|Any CPU
		{4173701E-3F58-4192-8612-516C6FE0CBA4}.Release|Any CPU.Build.0 = Release|Any CPU
		{4173701E-3F58-4192-8612-516C6FE0CBA4}.Release|x64.ActiveCfg = Release|Any CPU
		{4173701E-3F58-4192-8612-516C6FE0CBA4}.Release|x64.Build.0 = Release|Any CPU
		{4173701E-3F58-4192-8612-516C6FE0CBA4}.Release|x86.ActiveCfg = Release|Any CPU
		{4173701E-3F58-4192-8612-516C6FE0CBA4}.Release|x86.Build.0 = Release|Any CPU
		{9DA8F294-AFE8-41AF-9CB2-2A2CA2BAE7DC}.Debug|Any CPU.ActiveCfg = Debug|Any CPU
		{9DA8F294-AFE8-41AF-9CB2-2A2CA2BAE7DC}.Debug|Any CPU.Build.0 = Debug|Any CPU
		{9DA8F294-AFE8-41AF-9CB2-2A2CA2BAE7DC}.Debug|x64.ActiveCfg = Debug|Any CPU
		{9DA8F294-AFE8-41AF-9CB2-2A2CA2BAE7DC}.Debug|x64.Build.0 = Debug|Any CPU
		{9DA8F294-AFE8-41AF-9CB2-2A2CA2BAE7DC}.Debug|x86.ActiveCfg = Debug|Any CPU
		{9DA8F294-AFE8-41AF-9CB2-2A2CA2BAE7DC}.Debug|x86.Build.0 = Debug|Any CPU
		{9DA8F294-AFE8-41AF-9CB2-2A2CA2BAE7DC}.Release|Any CPU.ActiveCfg = Release|Any CPU
		{9DA8F294-AFE8-41AF-9CB2-2A2CA2BAE7DC}.Release|Any CPU.Build.0 = Release|Any CPU
		{9DA8F294-AFE8-41AF-9CB2-2A2CA2BAE7DC}.Release|x64.ActiveCfg = Release|Any CPU
		{9DA8F294-AFE8-41AF-9CB2-2A2CA2BAE7DC}.Release|x64.Build.0 = Release|Any CPU
		{9DA8F294-AFE8-41AF-9CB2-2A2CA2BAE7DC}.Release|x86.ActiveCfg = Release|Any CPU
		{9DA8F294-AFE8-41AF-9CB2-2A2CA2BAE7DC}.Release|x86.Build.0 = Release|Any CPU
		{559147FC-EFA3-44A8-8345-B2988BC34111}.Debug|Any CPU.ActiveCfg = Debug|Any CPU
		{559147FC-EFA3-44A8-8345-B2988BC34111}.Debug|Any CPU.Build.0 = Debug|Any CPU
		{559147FC-EFA3-44A8-8345-B2988BC34111}.Debug|x64.ActiveCfg = Debug|Any CPU
		{559147FC-EFA3-44A8-8345-B2988BC34111}.Debug|x64.Build.0 = Debug|Any CPU
		{559147FC-EFA3-44A8-8345-B2988BC34111}.Debug|x86.ActiveCfg = Debug|Any CPU
		{559147FC-EFA3-44A8-8345-B2988BC34111}.Debug|x86.Build.0 = Debug|Any CPU
		{559147FC-EFA3-44A8-8345-B2988BC34111}.Release|Any CPU.ActiveCfg = Release|Any CPU
		{559147FC-EFA3-44A8-8345-B2988BC34111}.Release|Any CPU.Build.0 = Release|Any CPU
		{559147FC-EFA3-44A8-8345-B2988BC34111}.Release|x64.ActiveCfg = Release|Any CPU
		{559147FC-EFA3-44A8-8345-B2988BC34111}.Release|x64.Build.0 = Release|Any CPU
		{559147FC-EFA3-44A8-8345-B2988BC34111}.Release|x86.ActiveCfg = Release|Any CPU
		{559147FC-EFA3-44A8-8345-B2988BC34111}.Release|x86.Build.0 = Release|Any CPU
		{98C07803-8C4C-4C11-A6D9-314B9335E4EF}.Debug|Any CPU.ActiveCfg = Debug|Any CPU
		{98C07803-8C4C-4C11-A6D9-314B9335E4EF}.Debug|Any CPU.Build.0 = Debug|Any CPU
		{98C07803-8C4C-4C11-A6D9-314B9335E4EF}.Debug|x64.ActiveCfg = Debug|Any CPU
		{98C07803-8C4C-4C11-A6D9-314B9335E4EF}.Debug|x64.Build.0 = Debug|Any CPU
		{98C07803-8C4C-4C11-A6D9-314B9335E4EF}.Debug|x86.ActiveCfg = Debug|Any CPU
		{98C07803-8C4C-4C11-A6D9-314B9335E4EF}.Debug|x86.Build.0 = Debug|Any CPU
		{98C07803-8C4C-4C11-A6D9-314B9335E4EF}.Release|Any CPU.ActiveCfg = Release|Any CPU
		{98C07803-8C4C-4C11-A6D9-314B9335E4EF}.Release|Any CPU.Build.0 = Release|Any CPU
		{98C07803-8C4C-4C11-A6D9-314B9335E4EF}.Release|x64.ActiveCfg = Release|Any CPU
		{98C07803-8C4C-4C11-A6D9-314B9335E4EF}.Release|x64.Build.0 = Release|Any CPU
		{98C07803-8C4C-4C11-A6D9-314B9335E4EF}.Release|x86.ActiveCfg = Release|Any CPU
		{98C07803-8C4C-4C11-A6D9-314B9335E4EF}.Release|x86.Build.0 = Release|Any CPU
		{B49496B2-2C6B-43D5-9EE1-38F50ACB67B1}.Debug|Any CPU.ActiveCfg = Debug|Any CPU
		{B49496B2-2C6B-43D5-9EE1-38F50ACB67B1}.Debug|Any CPU.Build.0 = Debug|Any CPU
		{B49496B2-2C6B-43D5-9EE1-38F50ACB67B1}.Debug|x64.ActiveCfg = Debug|Any CPU
		{B49496B2-2C6B-43D5-9EE1-38F50ACB67B1}.Debug|x64.Build.0 = Debug|Any CPU
		{B49496B2-2C6B-43D5-9EE1-38F50ACB67B1}.Debug|x86.ActiveCfg = Debug|Any CPU
		{B49496B2-2C6B-43D5-9EE1-38F50ACB67B1}.Debug|x86.Build.0 = Debug|Any CPU
		{B49496B2-2C6B-43D5-9EE1-38F50ACB67B1}.Release|Any CPU.ActiveCfg = Release|Any CPU
		{B49496B2-2C6B-43D5-9EE1-38F50ACB67B1}.Release|Any CPU.Build.0 = Release|Any CPU
		{B49496B2-2C6B-43D5-9EE1-38F50ACB67B1}.Release|x64.ActiveCfg = Release|Any CPU
		{B49496B2-2C6B-43D5-9EE1-38F50ACB67B1}.Release|x64.Build.0 = Release|Any CPU
		{B49496B2-2C6B-43D5-9EE1-38F50ACB67B1}.Release|x86.ActiveCfg = Release|Any CPU
		{B49496B2-2C6B-43D5-9EE1-38F50ACB67B1}.Release|x86.Build.0 = Release|Any CPU
	EndGlobalSection
	GlobalSection(SolutionProperties) = preSolution
		HideSolutionNode = FALSE
	EndGlobalSection
	GlobalSection(NestedProjects) = preSolution
		{77C73D0D-E122-4C65-B63B-B89C8E28F69E} = {D2B590AD-CC11-4062-A3C3-0718E17D651C}
		{7DC3E4B1-675C-4122-AA58-4BCBA06C4A82} = {D2B590AD-CC11-4062-A3C3-0718E17D651C}
		{80CED839-FE4A-4286-9403-252D230BA2A0} = {7DC3E4B1-675C-4122-AA58-4BCBA06C4A82}
		{B19079B3-A9DD-4408-9ED2-899D735C66BF} = {77C73D0D-E122-4C65-B63B-B89C8E28F69E}
		{7E0E4E35-68AD-4CB0-BD11-A6FBD12842D1} = {61DF00A0-15BD-4762-9CD3-DE070737C31C}
		{4173701E-3F58-4192-8612-516C6FE0CBA4} = {61DF00A0-15BD-4762-9CD3-DE070737C31C}
		{9DA8F294-AFE8-41AF-9CB2-2A2CA2BAE7DC} = {1ADFD29B-9AE9-4E79-923B-072E807A2AAF}
		{559147FC-EFA3-44A8-8345-B2988BC34111} = {1ADFD29B-9AE9-4E79-923B-072E807A2AAF}
		{98C07803-8C4C-4C11-A6D9-314B9335E4EF} = {1ADFD29B-9AE9-4E79-923B-072E807A2AAF}
		{B49496B2-2C6B-43D5-9EE1-38F50ACB67B1} = {1ADFD29B-9AE9-4E79-923B-072E807A2AAF}
	EndGlobalSection
	GlobalSection(ExtensibilityGlobals) = postSolution
		SolutionGuid = {13EAB81A-C6B2-4C22-B4DE-C6603FC445B6}
	EndGlobalSection
EndGlobal
